
Microsoft Visual Studio Solution File, Format Version 12.00
# Visual Studio Version 17
VisualStudioVersion = 17.1.32328.378
MinimumVisualStudioVersion = 10.0.40219.1
Project("{9A19103F-16F7-4668-BE54-9A1E7A4F7556}") = "Catalog.API", "Catalog.API\Catalog.API.csproj", "{3ABBBEC7-6368-4C23-B17D-F8C687C336C8}"
EndProject
Project("{2150E333-8FDC-42A3-9474-1A3956D46DE8}") = "Services", "Services", "{90B3FD40-2117-44DB-A32A-1385CD5A5E2C}"
EndProject
Project("{2150E333-8FDC-42A3-9474-1A3956D46DE8}") = "Catalog", "Catalog", "{FC5523D7-1FCE-40B9-A97F-06DB27F77C95}"
EndProject
Project("{9A19103F-16F7-4668-BE54-9A1E7A4F7556}") = "Catalog.API.Test", "Catalog.API.Test\Catalog.API.Test.csproj", "{F49041C0-C912-4534-BDF1-D3A888B0C570}"
EndProject
Project("{2150E333-8FDC-42A3-9474-1A3956D46DE8}") = "Basket", "Basket", "{C8FE6288-53DF-4F26-A578-8A032C196734}"
EndProject
Project("{2150E333-8FDC-42A3-9474-1A3956D46DE8}") = "Discount", "Discount", "{D6E50C12-00FF-4D56-9B84-0D193E57B758}"
EndProject
Project("{9A19103F-16F7-4668-BE54-9A1E7A4F7556}") = "Discount.Grpc", "Discount.Grpc\Discount.Grpc.csproj", "{59D9D350-5B21-49B3-A7B4-AB5120F4B16D}"
EndProject
Project("{9A19103F-16F7-4668-BE54-9A1E7A4F7556}") = "Discount.API", "Discount.API\Discount.API.csproj", "{95110BD1-E877-45F3-83AF-7FF1A8A990C2}"
EndProject
Project("{2150E333-8FDC-42A3-9474-1A3956D46DE8}") = "ApiGateways", "ApiGateways", "{5E9E3CAD-6139-492C-B4DD-EED91B37B80C}"
EndProject
Project("{9A19103F-16F7-4668-BE54-9A1E7A4F7556}") = "OcelotApiGw", "OcelotApiGw\OcelotApiGw.csproj", "{FADBA15C-9218-4D40-AD31-6A49A538D855}"
EndProject
Project("{2150E333-8FDC-42A3-9474-1A3956D46DE8}") = "WebApps", "WebApps", "{AEC55673-31C2-483B-B0C2-FAD4F340909B}"
EndProject
Project("{9A19103F-16F7-4668-BE54-9A1E7A4F7556}") = "WebMVC", "WebMVC\WebMVC.csproj", "{0CAEDC5A-D180-4CBC-A5F1-5654482B855C}"
EndProject
Project("{9A19103F-16F7-4668-BE54-9A1E7A4F7556}") = "Basket.API", "Basket.API\Basket.API.csproj", "{9EBEB272-1406-4698-8E2C-08213F77AA61}"
EndProject
Project("{2150E333-8FDC-42A3-9474-1A3956D46DE8}") = "BuildingBlocks", "BuildingBlocks", "{672436A5-C21F-4435-8B5C-531550D7F492}"
EndProject
Project("{9A19103F-16F7-4668-BE54-9A1E7A4F7556}") = "EventBus.Messages", "EventBus.Messages\EventBus.Messages.csproj", "{4E4C6E29-1B91-4D79-A9CA-BB58612D796C}"
EndProject
Project("{2150E333-8FDC-42A3-9474-1A3956D46DE8}") = "Ordering", "Ordering", "{67754EB0-6F1C-4254-B061-EB8E0A98B4A5}"
EndProject
Project("{9A19103F-16F7-4668-BE54-9A1E7A4F7556}") = "Ordering.API", "Ordering.API\Ordering.API.csproj", "{331F5088-9A7C-4D08-9A8C-59C80529F522}"
EndProject
Project("{9A19103F-16F7-4668-BE54-9A1E7A4F7556}") = "Ordering.Application", "Ordering.Application\Ordering.Application.csproj", "{0AD4CF22-E726-46A1-B571-9F353694BD1A}"
EndProject
Project("{9A19103F-16F7-4668-BE54-9A1E7A4F7556}") = "Ordering.Domain", "Ordering.Domain\Ordering.Domain.csproj", "{757D7EEE-62DE-480D-A430-8FD423CB5803}"
EndProject
Project("{9A19103F-16F7-4668-BE54-9A1E7A4F7556}") = "Ordering.Infrastructure", "Ordering.Infrastructure\Ordering.Infrastructure.csproj", "{F898640D-AFCF-499C-973A-D4B325617C53}"
EndProject
Project("{2150E333-8FDC-42A3-9474-1A3956D46DE8}") = "IdentityProvider", "IdentityProvider", "{BD1B3820-F596-4076-9020-9A885F1B4EDE}"
EndProject
Project("{FAE04EC0-301F-11D3-BF4B-00C04F79EFBC}") = "IdentityServer", "IdentityServer\IdentityServer.csproj", "{9D4E5408-5A52-4645-91FA-72496BAE5C70}"
EndProject
Global
	GlobalSection(SolutionConfigurationPlatforms) = preSolution
		Debug|Any CPU = Debug|Any CPU
		Release|Any CPU = Release|Any CPU
	EndGlobalSection
	GlobalSection(ProjectConfigurationPlatforms) = postSolution
		{3ABBBEC7-6368-4C23-B17D-F8C687C336C8}.Debug|Any CPU.ActiveCfg = Debug|Any CPU
		{3ABBBEC7-6368-4C23-B17D-F8C687C336C8}.Debug|Any CPU.Build.0 = Debug|Any CPU
		{3ABBBEC7-6368-4C23-B17D-F8C687C336C8}.Release|Any CPU.ActiveCfg = Release|Any CPU
		{3ABBBEC7-6368-4C23-B17D-F8C687C336C8}.Release|Any CPU.Build.0 = Release|Any CPU
		{F49041C0-C912-4534-BDF1-D3A888B0C570}.Debug|Any CPU.ActiveCfg = Debug|Any CPU
		{F49041C0-C912-4534-BDF1-D3A888B0C570}.Debug|Any CPU.Build.0 = Debug|Any CPU
		{F49041C0-C912-4534-BDF1-D3A888B0C570}.Release|Any CPU.ActiveCfg = Release|Any CPU
		{F49041C0-C912-4534-BDF1-D3A888B0C570}.Release|Any CPU.Build.0 = Release|Any CPU
		{59D9D350-5B21-49B3-A7B4-AB5120F4B16D}.Debug|Any CPU.ActiveCfg = Debug|Any CPU
		{59D9D350-5B21-49B3-A7B4-AB5120F4B16D}.Debug|Any CPU.Build.0 = Debug|Any CPU
		{59D9D350-5B21-49B3-A7B4-AB5120F4B16D}.Release|Any CPU.ActiveCfg = Release|Any CPU
		{59D9D350-5B21-49B3-A7B4-AB5120F4B16D}.Release|Any CPU.Build.0 = Release|Any CPU
		{95110BD1-E877-45F3-83AF-7FF1A8A990C2}.Debug|Any CPU.ActiveCfg = Debug|Any CPU
		{95110BD1-E877-45F3-83AF-7FF1A8A990C2}.Debug|Any CPU.Build.0 = Debug|Any CPU
		{95110BD1-E877-45F3-83AF-7FF1A8A990C2}.Release|Any CPU.ActiveCfg = Release|Any CPU
		{95110BD1-E877-45F3-83AF-7FF1A8A990C2}.Release|Any CPU.Build.0 = Release|Any CPU
		{FADBA15C-9218-4D40-AD31-6A49A538D855}.Debug|Any CPU.ActiveCfg = Debug|Any CPU
		{FADBA15C-9218-4D40-AD31-6A49A538D855}.Debug|Any CPU.Build.0 = Debug|Any CPU
		{FADBA15C-9218-4D40-AD31-6A49A538D855}.Release|Any CPU.ActiveCfg = Release|Any CPU
		{FADBA15C-9218-4D40-AD31-6A49A538D855}.Release|Any CPU.Build.0 = Release|Any CPU
		{0CAEDC5A-D180-4CBC-A5F1-5654482B855C}.Debug|Any CPU.ActiveCfg = Debug|Any CPU
		{0CAEDC5A-D180-4CBC-A5F1-5654482B855C}.Debug|Any CPU.Build.0 = Debug|Any CPU
		{0CAEDC5A-D180-4CBC-A5F1-5654482B855C}.Release|Any CPU.ActiveCfg = Release|Any CPU
		{0CAEDC5A-D180-4CBC-A5F1-5654482B855C}.Release|Any CPU.Build.0 = Release|Any CPU
		{9EBEB272-1406-4698-8E2C-08213F77AA61}.Debug|Any CPU.ActiveCfg = Debug|Any CPU
		{9EBEB272-1406-4698-8E2C-08213F77AA61}.Debug|Any CPU.Build.0 = Debug|Any CPU
		{9EBEB272-1406-4698-8E2C-08213F77AA61}.Release|Any CPU.ActiveCfg = Release|Any CPU
		{9EBEB272-1406-4698-8E2C-08213F77AA61}.Release|Any CPU.Build.0 = Release|Any CPU
		{4E4C6E29-1B91-4D79-A9CA-BB58612D796C}.Debug|Any CPU.ActiveCfg = Debug|Any CPU
		{4E4C6E29-1B91-4D79-A9CA-BB58612D796C}.Debug|Any CPU.Build.0 = Debug|Any CPU
		{4E4C6E29-1B91-4D79-A9CA-BB58612D796C}.Release|Any CPU.ActiveCfg = Release|Any CPU
		{4E4C6E29-1B91-4D79-A9CA-BB58612D796C}.Release|Any CPU.Build.0 = Release|Any CPU
		{331F5088-9A7C-4D08-9A8C-59C80529F522}.Debug|Any CPU.ActiveCfg = Debug|Any CPU
		{331F5088-9A7C-4D08-9A8C-59C80529F522}.Debug|Any CPU.Build.0 = Debug|Any CPU
		{331F5088-9A7C-4D08-9A8C-59C80529F522}.Release|Any CPU.ActiveCfg = Release|Any CPU
		{331F5088-9A7C-4D08-9A8C-59C80529F522}.Release|Any CPU.Build.0 = Release|Any CPU
		{0AD4CF22-E726-46A1-B571-9F353694BD1A}.Debug|Any CPU.ActiveCfg = Debug|Any CPU
		{0AD4CF22-E726-46A1-B571-9F353694BD1A}.Debug|Any CPU.Build.0 = Debug|Any CPU
		{0AD4CF22-E726-46A1-B571-9F353694BD1A}.Release|Any CPU.ActiveCfg = Release|Any CPU
		{0AD4CF22-E726-46A1-B571-9F353694BD1A}.Release|Any CPU.Build.0 = Release|Any CPU
		{757D7EEE-62DE-480D-A430-8FD423CB5803}.Debug|Any CPU.ActiveCfg = Debug|Any CPU
		{757D7EEE-62DE-480D-A430-8FD423CB5803}.Debug|Any CPU.Build.0 = Debug|Any CPU
		{757D7EEE-62DE-480D-A430-8FD423CB5803}.Release|Any CPU.ActiveCfg = Release|Any CPU
		{757D7EEE-62DE-480D-A430-8FD423CB5803}.Release|Any CPU.Build.0 = Release|Any CPU
		{F898640D-AFCF-499C-973A-D4B325617C53}.Debug|Any CPU.ActiveCfg = Debug|Any CPU
		{F898640D-AFCF-499C-973A-D4B325617C53}.Debug|Any CPU.Build.0 = Debug|Any CPU
		{F898640D-AFCF-499C-973A-D4B325617C53}.Release|Any CPU.ActiveCfg = Release|Any CPU
		{F898640D-AFCF-499C-973A-D4B325617C53}.Release|Any CPU.Build.0 = Release|Any CPU
		{9D4E5408-5A52-4645-91FA-72496BAE5C70}.Debug|Any CPU.ActiveCfg = Debug|Any CPU
		{9D4E5408-5A52-4645-91FA-72496BAE5C70}.Debug|Any CPU.Build.0 = Debug|Any CPU
		{9D4E5408-5A52-4645-91FA-72496BAE5C70}.Release|Any CPU.ActiveCfg = Release|Any CPU
		{9D4E5408-5A52-4645-91FA-72496BAE5C70}.Release|Any CPU.Build.0 = Release|Any CPU
	EndGlobalSection
	GlobalSection(SolutionProperties) = preSolution
		HideSolutionNode = FALSE
	EndGlobalSection
	GlobalSection(NestedProjects) = preSolution
		{3ABBBEC7-6368-4C23-B17D-F8C687C336C8} = {FC5523D7-1FCE-40B9-A97F-06DB27F77C95}
		{FC5523D7-1FCE-40B9-A97F-06DB27F77C95} = {90B3FD40-2117-44DB-A32A-1385CD5A5E2C}
		{F49041C0-C912-4534-BDF1-D3A888B0C570} = {FC5523D7-1FCE-40B9-A97F-06DB27F77C95}
		{C8FE6288-53DF-4F26-A578-8A032C196734} = {90B3FD40-2117-44DB-A32A-1385CD5A5E2C}
		{D6E50C12-00FF-4D56-9B84-0D193E57B758} = {90B3FD40-2117-44DB-A32A-1385CD5A5E2C}
		{59D9D350-5B21-49B3-A7B4-AB5120F4B16D} = {D6E50C12-00FF-4D56-9B84-0D193E57B758}
		{95110BD1-E877-45F3-83AF-7FF1A8A990C2} = {D6E50C12-00FF-4D56-9B84-0D193E57B758}
		{FADBA15C-9218-4D40-AD31-6A49A538D855} = {5E9E3CAD-6139-492C-B4DD-EED91B37B80C}
		{0CAEDC5A-D180-4CBC-A5F1-5654482B855C} = {AEC55673-31C2-483B-B0C2-FAD4F340909B}
		{9EBEB272-1406-4698-8E2C-08213F77AA61} = {C8FE6288-53DF-4F26-A578-8A032C196734}
		{4E4C6E29-1B91-4D79-A9CA-BB58612D796C} = {672436A5-C21F-4435-8B5C-531550D7F492}
		{67754EB0-6F1C-4254-B061-EB8E0A98B4A5} = {90B3FD40-2117-44DB-A32A-1385CD5A5E2C}
		{331F5088-9A7C-4D08-9A8C-59C80529F522} = {67754EB0-6F1C-4254-B061-EB8E0A98B4A5}
		{0AD4CF22-E726-46A1-B571-9F353694BD1A} = {67754EB0-6F1C-4254-B061-EB8E0A98B4A5}
		{757D7EEE-62DE-480D-A430-8FD423CB5803} = {67754EB0-6F1C-4254-B061-EB8E0A98B4A5}
		{F898640D-AFCF-499C-973A-D4B325617C53} = {67754EB0-6F1C-4254-B061-EB8E0A98B4A5}
		{BD1B3820-F596-4076-9020-9A885F1B4EDE} = {90B3FD40-2117-44DB-A32A-1385CD5A5E2C}
		{9D4E5408-5A52-4645-91FA-72496BAE5C70} = {BD1B3820-F596-4076-9020-9A885F1B4EDE}
	EndGlobalSection
	GlobalSection(ExtensibilityGlobals) = postSolution
		SolutionGuid = {A1E0DD84-72E9-4C22-A3D3-4564F0B416F1}
	EndGlobalSection
EndGlobal
